// !$*UTF8*$!
{
	archiveVersion = 1;
	classes = {
	};
	objectVersion = 50;
	objects = {

/* Begin PBXContainerItemProxy section */
		D74ED93423C9CA6900947F3D /* PBXContainerItemProxy */ = {
			isa = PBXContainerItemProxy;
			containerPortal = D74ED91523C9CA6800947F3D /* Project object */;
			proxyType = 1;
			remoteGlobalIDString = D74ED91C23C9CA6800947F3D;
			remoteInfo = CarCustomizer;
		};
		D74ED93F23C9CA6900947F3D /* PBXContainerItemProxy */ = {
			isa = PBXContainerItemProxy;
			containerPortal = D74ED91523C9CA6800947F3D /* Project object */;
			proxyType = 1;
			remoteGlobalIDString = D74ED91C23C9CA6800947F3D;
			remoteInfo = CarCustomizer;
		};
/* End PBXContainerItemProxy section */

/* Begin PBXFileReference section */
		D74ED91D23C9CA6800947F3D /* CarCustomizer.app */ = {isa = PBXFileReference; explicitFileType = wrapper.application; includeInIndex = 0; name = CarCustomizer.app; path = "/Users/zackobied/Documents/swift-apps/CarCustomizer/build/Debug-iphoneos/CarCustomizer.app"; sourceTree = "<absolute>"; };
		D74ED93323C9CA6900947F3D /* CarCustomizerTests.xctest */ = {isa = PBXFileReference; explicitFileType = wrapper.cfbundle; includeInIndex = 0; name = CarCustomizerTests.xctest; path = "/Users/zackobied/Documents/swift-apps/CarCustomizer/build/Debug-iphoneos/CarCustomizerTests.xctest"; sourceTree = "<absolute>"; };
		D74ED93E23C9CA6900947F3D /* CarCustomizerUITests.xctest */ = {isa = PBXFileReference; explicitFileType = wrapper.cfbundle; includeInIndex = 0; name = CarCustomizerUITests.xctest; path = "/Users/zackobied/Documents/swift-apps/CarCustomizer/build/Debug-iphoneos/CarCustomizerUITests.xctest"; sourceTree = "<absolute>"; };
/* End PBXFileReference section */

/* Begin PBXFrameworksBuildPhase section */
		D74ED91A23C9CA6800947F3D /* Frameworks */ = {
			isa = PBXFrameworksBuildPhase;
			buildActionMask = 2147483647;
			files = (
			);
			runOnlyForDeploymentPostprocessing = 0;
		};
		D74ED93023C9CA6900947F3D /* Frameworks */ = {
			isa = PBXFrameworksBuildPhase;
			buildActionMask = 2147483647;
			files = (
			);
			runOnlyForDeploymentPostprocessing = 0;
		};
		D74ED93B23C9CA6900947F3D /* Frameworks */ = {
			isa = PBXFrameworksBuildPhase;
			buildActionMask = 2147483647;
			files = (
			);
			runOnlyForDeploymentPostprocessing = 0;
		};
/* End PBXFrameworksBuildPhase section */

/* Begin PBXGroup section */
		D74ED91423C9CA6800947F3D = {
			isa = PBXGroup;
			children = (
			);
			sourceTree = "<group>";
		};
/* End PBXGroup section */

/* Begin PBXNativeTarget section */
		D74ED91C23C9CA6800947F3D /* CarCustomizer */ = {
			isa = PBXNativeTarget;
			buildConfigurationList = D74ED94723C9CA6900947F3D /* Build configuration list for PBXNativeTarget "CarCustomizer" */;
			buildPhases = (
				D74ED91923C9CA6800947F3D /* Sources */,
				D74ED91A23C9CA6800947F3D /* Frameworks */,
				D74ED91B23C9CA6800947F3D /* Resources */,
			);
			buildRules = (
			);
			dependencies = (
			);
			name = CarCustomizer;
			productName = CarCustomizer;
			productReference = D74ED91D23C9CA6800947F3D /* CarCustomizer.app */;
			productType = "com.apple.product-type.application";
		};
		D74ED93223C9CA6900947F3D /* CarCustomizerTests */ = {
			isa = PBXNativeTarget;
			buildConfigurationList = D74ED94A23C9CA6900947F3D /* Build configuration list for PBXNativeTarget "CarCustomizerTests" */;
			buildPhases = (
				D74ED92F23C9CA6900947F3D /* Sources */,
				D74ED93023C9CA6900947F3D /* Frameworks */,
				D74ED93123C9CA6900947F3D /* Resources */,
			);
			buildRules = (
			);
			dependencies = (
				D74ED93523C9CA6900947F3D /* PBXTargetDependency */,
			);
			name = CarCustomizerTests;
			productName = CarCustomizerTests;
			productReference = D74ED93323C9CA6900947F3D /* CarCustomizerTests.xctest */;
			productType = "com.apple.product-type.bundle.unit-test";
		};
		D74ED93D23C9CA6900947F3D /* CarCustomizerUITests */ = {
			isa = PBXNativeTarget;
			buildConfigurationList = D74ED94D23C9CA6900947F3D /* Build configuration list for PBXNativeTarget "CarCustomizerUITests" */;
			buildPhases = (
				D74ED93A23C9CA6900947F3D /* Sources */,
				D74ED93B23C9CA6900947F3D /* Frameworks */,
				D74ED93C23C9CA6900947F3D /* Resources */,
			);
			buildRules = (
			);
			dependencies = (
				D74ED94023C9CA6900947F3D /* PBXTargetDependency */,
			);
			name = CarCustomizerUITests;
			productName = CarCustomizerUITests;
			productReference = D74ED93E23C9CA6900947F3D /* CarCustomizerUITests.xctest */;
			productType = "com.apple.product-type.bundle.ui-testing";
		};
/* End PBXNativeTarget section */

/* Begin PBXProject section */
		D74ED91523C9CA6800947F3D /* Project object */ = {
			isa = PBXProject;
			attributes = {
				LastSwiftUpdateCheck = 1130;
				LastUpgradeCheck = 1130;
				ORGANIZATIONNAME = "Zack Obied";
				TargetAttributes = {
					D74ED91C23C9CA6800947F3D = {
						CreatedOnToolsVersion = 11.3;
					};
					D74ED93223C9CA6900947F3D = {
						CreatedOnToolsVersion = 11.3;
						TestTargetID = D74ED91C23C9CA6800947F3D;
					};
					D74ED93D23C9CA6900947F3D = {
						CreatedOnToolsVersion = 11.3;
						TestTargetID = D74ED91C23C9CA6800947F3D;
					};
				};
			};
			buildConfigurationList = D74ED91823C9CA6800947F3D /* Build configuration list for PBXProject "CarCustomizer" */;
			compatibilityVersion = "Xcode 9.3";
			developmentRegion = en;
			hasScannedForEncodings = 0;
			knownRegions = (
				en,
				Base,
			);
			mainGroup = D74ED91423C9CA6800947F3D;
			productRefGroup = D74ED91423C9CA6800947F3D;
			projectDirPath = "";
			projectRoot = "";
			targets = (
				D74ED91C23C9CA6800947F3D /* CarCustomizer */,
				D74ED93223C9CA6900947F3D /* CarCustomizerTests */,
				D74ED93D23C9CA6900947F3D /* CarCustomizerUITests */,
			);
		};
/* End PBXProject section */

/* Begin PBXResourcesBuildPhase section */
		D74ED91B23C9CA6800947F3D /* Resources */ = {
			isa = PBXResourcesBuildPhase;
			buildActionMask = 2147483647;
			files = (
			);
			runOnlyForDeploymentPostprocessing = 0;
		};
		D74ED93123C9CA6900947F3D /* Resources */ = {
			isa = PBXResourcesBuildPhase;
			buildActionMask = 2147483647;
			files = (
			);
			runOnlyForDeploymentPostprocessing = 0;
		};
		D74ED93C23C9CA6900947F3D /* Resources */ = {
			isa = PBXResourcesBuildPhase;
			buildActionMask = 2147483647;
			files = (
			);
			runOnlyForDeploymentPostprocessing = 0;
		};
/* End PBXResourcesBuildPhase section */

/* Begin PBXSourcesBuildPhase section */
		D74ED91923C9CA6800947F3D /* Sources */ = {
			isa = PBXSourcesBuildPhase;
			buildActionMask = 2147483647;
			files = (
			);
			runOnlyForDeploymentPostprocessing = 0;
		};
		D74ED92F23C9CA6900947F3D /* Sources */ = {
			isa = PBXSourcesBuildPhase;
			buildActionMask = 2147483647;
			files = (
			);
			runOnlyForDeploymentPostprocessing = 0;
		};
		D74ED93A23C9CA6900947F3D /* Sources */ = {
			isa = PBXSourcesBuildPhase;
			buildActionMask = 2147483647;
			files = (
			);
			runOnlyForDeploymentPostprocessing = 0;
		};
/* End PBXSourcesBuildPhase section */

/* Begin PBXTargetDependency section */
		D74ED93523C9CA6900947F3D /* PBXTargetDependency */ = {
			isa = PBXTargetDependency;
			target = D74ED91C23C9CA6800947F3D /* CarCustomizer */;
			targetProxy = D74ED93423C9CA6900947F3D /* PBXContainerItemProxy */;
		};
		D74ED94023C9CA6900947F3D /* PBXTargetDependency */ = {
			isa = PBXTargetDependency;
			target = D74ED91C23C9CA6800947F3D /* CarCustomizer */;
			targetProxy = D74ED93F23C9CA6900947F3D /* PBXContainerItemProxy */;
		};
/* End PBXTargetDependency section */

/* Begin XCBuildConfiguration section */
		D74ED94523C9CA6900947F3D /* Debug */ = {
			isa = XCBuildConfiguration;
			buildSettings = {
				ALWAYS_SEARCH_USER_PATHS = NO;
				CLANG_ANALYZER_NONNULL = YES;
				CLANG_ANALYZER_NUMBER_OBJECT_CONVERSION = YES_AGGRESSIVE;
				CLANG_CXX_LANGUAGE_STANDARD = "gnu++14";
				CLANG_CXX_LIBRARY = "libc++";
				CLANG_ENABLE_MODULES = YES;
				CLANG_ENABLE_OBJC_ARC = YES;
				CLANG_ENABLE_OBJC_WEAK = YES;
				CLANG_WARN_BLOCK_CAPTURE_AUTORELEASING = YES;
				CLANG_WARN_BOOL_CONVERSION = YES;
				CLANG_WARN_COMMA = YES;
				CLANG_WARN_CONSTANT_CONVERSION = YES;
				CLANG_WARN_DEPRECATED_OBJC_IMPLEMENTATIONS = YES;
				CLANG_WARN_DIRECT_OBJC_ISA_USAGE = YES_ERROR;
				CLANG_WARN_DOCUMENTATION_COMMENTS = YES;
				CLANG_WARN_EMPTY_BODY = YES;
				CLANG_WARN_ENUM_CONVERSION = YES;
				CLANG_WARN_INFINITE_RECURSION = YES;
				CLANG_WARN_INT_CONVERSION = YES;
				CLANG_WARN_NON_LITERAL_NULL_CONVERSION = YES;
				CLANG_WARN_OBJC_IMPLICIT_RETAIN_SELF = YES;
				CLANG_WARN_OBJC_LITERAL_CONVERSION = YES;
				CLANG_WARN_OBJC_ROOT_CLASS = YES_ERROR;
				CLANG_WARN_RANGE_LOOP_ANALYSIS = YES;
				CLANG_WARN_STRICT_PROTOTYPES = YES;
				CLANG_WARN_SUSPICIOUS_MOVE = YES;
				CLANG_WARN_UNGUARDED_AVAILABILITY = YES_AGGRESSIVE;
				CLANG_WARN_UNREACHABLE_CODE = YES;
				CLANG_WARN__DUPLICATE_METHOD_MATCH = YES;
				COPY_PHASE_STRIP = NO;
				DEBUG_INFORMATION_FORMAT = dwarf;
				ENABLE_STRICT_OBJC_MSGSEND = YES;
				ENABLE_TESTABILITY = YES;
				GCC_C_LANGUAGE_STANDARD = gnu11;
				GCC_DYNAMIC_NO_PIC = NO;
				GCC_NO_COMMON_BLOCKS = YES;
				GCC_OPTIMIZATION_LEVEL = 0;
				GCC_PREPROCESSOR_DEFINITIONS = (
					"DEBUG=1",
					"$(inherited)",
				);
				GCC_WARN_64_TO_32_BIT_CONVERSION = YES;
				GCC_WARN_ABOUT_RETURN_TYPE = YES_ERROR;
				GCC_WARN_UNDECLARED_SELECTOR = YES;
				GCC_WARN_UNINITIALIZED_AUTOS = YES_AGGRESSIVE;
				GCC_WARN_UNUSED_FUNCTION = YES;
				GCC_WARN_UNUSED_VARIABLE = YES;
				IPHONEOS_DEPLOYMENT_TARGET = 13.2;
				MTL_ENABLE_DEBUG_INFO = INCLUDE_SOURCE;
				MTL_FAST_MATH = YES;
				ONLY_ACTIVE_ARCH = YES;
				SDKROOT = iphoneos;
				SWIFT_ACTIVE_COMPILATION_CONDITIONS = DEBUG;
				SWIFT_OPTIMIZATION_LEVEL = "-Onone";
			};
			name = Debug;
		};
		D74ED94623C9CA6900947F3D /* Release */ = {
			isa = XCBuildConfiguration;
			buildSettings = {
				ALWAYS_SEARCH_USER_PATHS = NO;
				CLANG_ANALYZER_NONNULL = YES;
				CLANG_ANALYZER_NUMBER_OBJECT_CONVERSION = YES_AGGRESSIVE;
				CLANG_CXX_LANGUAGE_STANDARD = "gnu++14";
				CLANG_CXX_LIBRARY = "libc++";
				CLANG_ENABLE_MODULES = YES;
				CLANG_ENABLE_OBJC_ARC = YES;
				CLANG_ENABLE_OBJC_WEAK = YES;
				CLANG_WARN_BLOCK_CAPTURE_AUTORELEASING = YES;
				CLANG_WARN_BOOL_CONVERSION = YES;
				CLANG_WARN_COMMA = YES;
				CLANG_WARN_CONSTANT_CONVERSION = YES;
				CLANG_WARN_DEPRECATED_OBJC_IMPLEMENTATIONS = YES;
				CLANG_WARN_DIRECT_OBJC_ISA_USAGE = YES_ERROR;
				CLANG_WARN_DOCUMENTATION_COMMENTS = YES;
				CLANG_WARN_EMPTY_BODY = YES;
				CLANG_WARN_ENUM_CONVERSION = YES;
				CLANG_WARN_INFINITE_RECURSION = YES;
				CLANG_WARN_INT_CONVERSION = YES;
				CLANG_WARN_NON_LITERAL_NULL_CONVERSION = YES;
				CLANG_WARN_OBJC_IMPLICIT_RETAIN_SELF = YES;
				CLANG_WARN_OBJC_LITERAL_CONVERSION = YES;
				CLANG_WARN_OBJC_ROOT_CLASS = YES_ERROR;
				CLANG_WARN_RANGE_LOOP_ANALYSIS = YES;
				CLANG_WARN_STRICT_PROTOTYPES = YES;
				CLANG_WARN_SUSPICIOUS_MOVE = YES;
				CLANG_WARN_UNGUARDED_AVAILABILITY = YES_AGGRESSIVE;
				CLANG_WARN_UNREACHABLE_CODE = YES;
				CLANG_WARN__DUPLICATE_METHOD_MATCH = YES;
				COPY_PHASE_STRIP = NO;
				DEBUG_INFORMATION_FORMAT = "dwarf-with-dsym";
				ENABLE_NS_ASSERTIONS = NO;
				ENABLE_STRICT_OBJC_MSGSEND = YES;
				GCC_C_LANGUAGE_STANDARD = gnu11;
				GCC_NO_COMMON_BLOCKS = YES;
				GCC_WARN_64_TO_32_BIT_CONVERSION = YES;
				GCC_WARN_ABOUT_RETURN_TYPE = YES_ERROR;
				GCC_WARN_UNDECLARED_SELECTOR = YES;
				GCC_WARN_UNINITIALIZED_AUTOS = YES_AGGRESSIVE;
				GCC_WARN_UNUSED_FUNCTION = YES;
				GCC_WARN_UNUSED_VARIABLE = YES;
				IPHONEOS_DEPLOYMENT_TARGET = 13.2;
				MTL_ENABLE_DEBUG_INFO = NO;
				MTL_FAST_MATH = YES;
				SDKROOT = iphoneos;
				SWIFT_COMPILATION_MODE = wholemodule;
				SWIFT_OPTIMIZATION_LEVEL = "-O";
				VALIDATE_PRODUCT = YES;
			};
			name = Release;
		};
		D74ED94823C9CA6900947F3D /* Debug */ = {
			isa = XCBuildConfiguration;
			buildSettings = {
				ASSETCATALOG_COMPILER_APPICON_NAME = AppIcon;
				CODE_SIGN_STYLE = Automatic;
				DEVELOPMENT_ASSET_PATHS = "\"CarCustomizer/Preview Content\"";
				ENABLE_PREVIEWS = YES;
				INFOPLIST_FILE = CarCustomizer/Info.plist;
				LD_RUNPATH_SEARCH_PATHS = (
					"$(inherited)",
					"@executable_path/Frameworks",
				);
				PRODUCT_BUNDLE_IDENTIFIER = com.obiedz.CarCustomizer;
				PRODUCT_NAME = "$(TARGET_NAME)";
				SWIFT_VERSION = 5.0;
				TARGETED_DEVICE_FAMILY = "1,2";
			};
			name = Debug;
		};
		D74ED94923C9CA6900947F3D /* Release */ = {
			isa = XCBuildConfiguration;
			buildSettings = {
				ASSETCATALOG_COMPILER_APPICON_NAME = AppIcon;
				CODE_SIGN_STYLE = Automatic;
				DEVELOPMENT_ASSET_PATHS = "\"CarCustomizer/Preview Content\"";
				ENABLE_PREVIEWS = YES;
				INFOPLIST_FILE = CarCustomizer/Info.plist;
				LD_RUNPATH_SEARCH_PATHS = (
					"$(inherited)",
					"@executable_path/Frameworks",
				);
				PRODUCT_BUNDLE_IDENTIFIER = com.obiedz.CarCustomizer;
				PRODUCT_NAME = "$(TARGET_NAME)";
				SWIFT_VERSION = 5.0;
				TARGETED_DEVICE_FAMILY = "1,2";
			};
			name = Release;
		};
		D74ED94B23C9CA6900947F3D /* Debug */ = {
			isa = XCBuildConfiguration;
			buildSettings = {
				BUNDLE_LOADER = "$(TEST_HOST)";
				CODE_SIGN_STYLE = Automatic;
				INFOPLIST_FILE = CarCustomizerTests/Info.plist;
				IPHONEOS_DEPLOYMENT_TARGET = 13.2;
				LD_RUNPATH_SEARCH_PATHS = (
					"$(inherited)",
					"@executable_path/Frameworks",
					"@loader_path/Frameworks",
				);
				PRODUCT_BUNDLE_IDENTIFIER = com.obiedz.CarCustomizerTests;
				PRODUCT_NAME = "$(TARGET_NAME)";
				SWIFT_VERSION = 5.0;
				TARGETED_DEVICE_FAMILY = "1,2";
				TEST_HOST = "$(BUILT_PRODUCTS_DIR)/CarCustomizer.app/CarCustomizer";
			};
			name = Debug;
		};
		D74ED94C23C9CA6900947F3D /* Release */ = {
			isa = XCBuildConfiguration;
			buildSettings = {
				BUNDLE_LOADER = "$(TEST_HOST)";
				CODE_SIGN_STYLE = Automatic;
				INFOPLIST_FILE = CarCustomizerTests/Info.plist;
				IPHONEOS_DEPLOYMENT_TARGET = 13.2;
				LD_RUNPATH_SEARCH_PATHS = (
					"$(inherited)",
					"@executable_path/Frameworks",
					"@loader_path/Frameworks",
				);
				PRODUCT_BUNDLE_IDENTIFIER = com.obiedz.CarCustomizerTests;
				PRODUCT_NAME = "$(TARGET_NAME)";
				SWIFT_VERSION = 5.0;
				TARGETED_DEVICE_FAMILY = "1,2";
				TEST_HOST = "$(BUILT_PRODUCTS_DIR)/CarCustomizer.app/CarCustomizer";
			};
			name = Release;
		};
		D74ED94E23C9CA6900947F3D /* Debug */ = {
			isa = XCBuildConfiguration;
			buildSettings = {
				CODE_SIGN_STYLE = Automatic;
				INFOPLIST_FILE = CarCustomizerUITests/Info.plist;
				LD_RUNPATH_SEARCH_PATHS = (
					"$(inherited)",
					"@executable_path/Frameworks",
					"@loader_path/Frameworks",
				);
				PRODUCT_BUNDLE_IDENTIFIER = com.obiedz.CarCustomizerUITests;
				PRODUCT_NAME = "$(TARGET_NAME)";
				SWIFT_VERSION = 5.0;
				TARGETED_DEVICE_FAMILY = "1,2";
				TEST_TARGET_NAME = CarCustomizer;
			};
			name = Debug;
		};
		D74ED94F23C9CA6900947F3D /* Release */ = {
			isa = XCBuildConfiguration;
			buildSettings = {
				CODE_SIGN_STYLE = Automatic;
				INFOPLIST_FILE = CarCustomizerUITests/Info.plist;
				LD_RUNPATH_SEARCH_PATHS = (
					"$(inherited)",
					"@executable_path/Frameworks",
					"@loader_path/Frameworks",
				);
				PRODUCT_BUNDLE_IDENTIFIER = com.obiedz.CarCustomizerUITests;
				PRODUCT_NAME = "$(TARGET_NAME)";
				SWIFT_VERSION = 5.0;
				TARGETED_DEVICE_FAMILY = "1,2";
				TEST_TARGET_NAME = CarCustomizer;
			};
			name = Release;
		};
/* End XCBuildConfiguration section */

/* Begin XCConfigurationList section */
		D74ED91823C9CA6800947F3D /* Build configuration list for PBXProject "CarCustomizer" */ = {
			isa = XCConfigurationList;
			buildConfigurations = (
				D74ED94523C9CA6900947F3D /* Debug */,
				D74ED94623C9CA6900947F3D /* Release */,
			);
			defaultConfigurationIsVisible = 0;
			defaultConfigurationName = Release;
		};
		D74ED94723C9CA6900947F3D /* Build configuration list for PBXNativeTarget "CarCustomizer" */ = {
			isa = XCConfigurationList;
			buildConfigurations = (
				D74ED94823C9CA6900947F3D /* Debug */,
				D74ED94923C9CA6900947F3D /* Release */,
			);
			defaultConfigurationIsVisible = 0;
			defaultConfigurationName = Release;
		};
		D74ED94A23C9CA6900947F3D /* Build configuration list for PBXNativeTarget "CarCustomizerTests" */ = {
			isa = XCConfigurationList;
			buildConfigurations = (
				D74ED94B23C9CA6900947F3D /* Debug */,
				D74ED94C23C9CA6900947F3D /* Release */,
			);
			defaultConfigurationIsVisible = 0;
			defaultConfigurationName = Release;
		};
		D74ED94D23C9CA6900947F3D /* Build configuration list for PBXNativeTarget "CarCustomizerUITests" */ = {
			isa = XCConfigurationList;
			buildConfigurations = (
				D74ED94E23C9CA6900947F3D /* Debug */,
				D74ED94F23C9CA6900947F3D /* Release */,
			);
			defaultConfigurationIsVisible = 0;
			defaultConfigurationName = Release;
		};
/* End XCConfigurationList section */
	};
	rootObject = D74ED91523C9CA6800947F3D /* Project object */;
}
